{
  "lockfile_version": "1",
  "packages": {
    "luajit@latest": {
      "last_modified": "2024-11-16T04:25:12Z",
      "resolved": "github:NixOS/nixpkgs/34a626458d686f1b58139620a8b2793e9e123bba#luajit",
      "source": "devbox-search",
      "version": "2.1.1713773202",
      "systems": {
        "aarch64-darwin": {
          "outputs": [
            {
              "name": "out",
              "path": "/nix/store/7m7v34pq4lwlk44gmxqj54d3pmww3d99-luajit-2.1.1713773202",
              "default": true
            }
          ],
          "store_path": "/nix/store/7m7v34pq4lwlk44gmxqj54d3pmww3d99-luajit-2.1.1713773202"
        },
        "aarch64-linux": {
          "outputs": [
            {
              "name": "out",
              "path": "/nix/store/w5by1vvp2a9n4chxddbjj0l3cv6cpsks-luajit-2.1.1713773202",
              "default": true
            }
          ],
          "store_path": "/nix/store/w5by1vvp2a9n4chxddbjj0l3cv6cpsks-luajit-2.1.1713773202"
        },
        "x86_64-darwin": {
          "outputs": [
            {
              "name": "out",
              "path": "/nix/store/ki76nz6d941wjs9w3f5njm125kc6kgpg-luajit-2.1.1713773202",
              "default": true
            }
          ],
          "store_path": "/nix/store/ki76nz6d941wjs9w3f5njm125kc6kgpg-luajit-2.1.1713773202"
        },
        "x86_64-linux": {
          "outputs": [
            {
              "name": "out",
              "path": "/nix/store/cwk3yma5asycrvlmvzr4p3dwnrnjy57g-luajit-2.1.1713773202",
              "default": true
            }
          ],
          "store_path": "/nix/store/cwk3yma5asycrvlmvzr4p3dwnrnjy57g-luajit-2.1.1713773202"
        }
      }
    },
    "luarocks@latest": {
      "last_modified": "2023-02-24T09:01:09Z",
      "resolved": "github:NixOS/nixpkgs/7d0ed7f2e5aea07ab22ccb338d27fbe347ed2f11#luarocks",
      "source": "devbox-search",
      "version": "3.9.1"
    },
    "watchexec@latest": {
      "last_modified": "2024-11-16T04:25:12Z",
      "resolved": "github:NixOS/nixpkgs/34a626458d686f1b58139620a8b2793e9e123bba#watchexec",
      "source": "devbox-search",
      "version": "2.2.0",
      "systems": {
        "aarch64-darwin": {
          "outputs": [
            {
              "name": "out",
              "path": "/nix/store/7ky02jx15zvw94bn60slkpr9db76v6k8-watchexec-2.2.0",
              "default": true
            }
          ],
          "store_path": "/nix/store/7ky02jx15zvw94bn60slkpr9db76v6k8-watchexec-2.2.0"
        },
        "aarch64-linux": {
          "outputs": [
            {
              "name": "out",
              "path": "/nix/store/z17jl0z2386rfj8lybpjmb474w91w96i-watchexec-2.2.0",
              "default": true
            }
          ],
          "store_path": "/nix/store/z17jl0z2386rfj8lybpjmb474w91w96i-watchexec-2.2.0"
        },
        "x86_64-darwin": {
          "outputs": [
            {
              "name": "out",
              "path": "/nix/store/9qgwjcx9f939k2vxkddwlddgrpf7r86s-watchexec-2.2.0",
              "default": true
            }
          ],
          "store_path": "/nix/store/9qgwjcx9f939k2vxkddwlddgrpf7r86s-watchexec-2.2.0"
        },
        "x86_64-linux": {
          "outputs": [
            {
              "name": "out",
              "path": "/nix/store/g8v4p1dnw9w164fy9is845ji86y9dm62-watchexec-2.2.0",
              "default": true
            }
          ],
          "store_path": "/nix/store/g8v4p1dnw9w164fy9is845ji86y9dm62-watchexec-2.2.0"
        }
      }
    }
  }
}
